
Microsoft Visual Studio Solution File, Format Version 12.00
# Visual Studio Version 16
VisualStudioVersion = 16.0.32106.194
MinimumVisualStudioVersion = 10.0.40219.1
Project("{FAE04EC0-301F-11D3-BF4B-00C04F79EFBC}") = "chushkah", "chushkah\chushkah.csproj", "{9A5C721C-739E-471E-B000-BB1D093D80F3}"
EndProject
Global
	GlobalSection(SolutionConfigurationPlatforms) = preSolution
		Debug|Any CPU = Debug|Any CPU
		Release|Any CPU = Release|Any CPU
	EndGlobalSection
	GlobalSection(ProjectConfigurationPlatforms) = postSolution
		{9A5C721C-739E-471E-B000-BB1D093D80F3}.Debug|Any CPU.ActiveCfg = Debug|Any CPU
		{9A5C721C-739E-471E-B000-BB1D093D80F3}.Debug|Any CPU.Build.0 = Debug|Any CPU
		{9A5C721C-739E-471E-B000-BB1D093D80F3}.Release|Any CPU.ActiveCfg = Release|Any CPU
		{9A5C721C-739E-471E-B000-BB1D093D80F3}.Release|Any CPU.Build.0 = Release|Any CPU
	EndGlobalSection
	GlobalSection(SolutionProperties) = preSolution
		HideSolutionNode = FALSE
	EndGlobalSection
	GlobalSection(ExtensibilityGlobals) = postSolution
		SolutionGuid = {567E8ADF-64AE-4DAE-AF5B-732CCC828DBA}
	EndGlobalSection
EndGlobal
